# @generated by Move, please check-in and do not edit manually.

[move]
version = 0
manifest_digest = "66AC7535CDB24BA46D289DB43C5FB4E63DFE23532E46C40E37C021E659A6D70A"
deps_digest = "397E6A9F7A624706DBDFEE056CE88391A15876868FD18A88504DA74EB458D697"

dependencies = [
  { name = "InsuranceFund" },
  { name = "ReferralVault" },
  { name = "Sui" },
  { name = "Treasury" },
  { name = "utilities" },
]

[[move.package]]
name = "InsuranceFund"
source = { local = "../amm-insurance-fund" }

dependencies = [
  { name = "Sui" },
]

[[move.package]]
name = "MoveStdlib"
source = { git = "https://github.com/MystenLabs/sui.git", rev = "mainnet-v1.19.1", subdir = "crates/sui-framework/packages/move-stdlib" }

[[move.package]]
name = "ReferralVault"
source = { local = "../amm-referral-vault" }

dependencies = [
  { name = "Sui" },
]

[[move.package]]
name = "Sui"
source = { git = "https://github.com/MystenLabs/sui.git", rev = "mainnet-v1.19.1", subdir = "crates/sui-framework/packages/sui-framework" }

dependencies = [
  { name = "MoveStdlib" },
]

[[move.package]]
name = "Treasury"
source = { local = "../amm-treasury" }

dependencies = [
  { name = "Sui" },
]

[[move.package]]
name = "utilities"
source = { local = "../../utility/utilities" }

dependencies = [
  { name = "Sui" },
]

[move.toolchain-version]
compiler-version = "1.19.1"
edition = "legacy"
flavor = "sui"
