# @generated by Move, please check-in and do not edit manually.

[move]
version = 0
manifest_digest = "79A48A5B564178A6669989BF4ECAB11919ED19B0FBE97B84FE54ECE2E56AC426"
deps_digest = "397E6A9F7A624706DBDFEE056CE88391A15876868FD18A88504DA74EB458D697"

dependencies = [
  { name = "Cetus" },
  { name = "DCA" },
  { name = "FlowXAMM" },
  { name = "Sui" },
  { name = "TurbosCLMM" },
]

[[move.package]]
name = "Cetus"
source = { local = "../interfaces/cetus/cetus" }

dependencies = [
  { name = "CetusClmm" },
  { name = "Sui" },
]

[[move.package]]
name = "CetusClmm"
source = { local = "../interfaces/cetus/cetus_clmm" }

dependencies = [
  { name = "IntegerMate" },
  { name = "MoveSTL" },
  { name = "Sui" },
]

[[move.package]]
name = "DCA"
source = { local = "../dca" }

dependencies = [
  { name = "Sui" },
]

[[move.package]]
name = "FlowXAMM"
source = { local = "../interfaces/flow_x" }

dependencies = [
  { name = "Sui" },
]

[[move.package]]
name = "IntegerMate"
source = { local = "../interfaces/cetus/integer-mate" }

dependencies = [
  { name = "Sui" },
]

[[move.package]]
name = "MoveSTL"
source = { local = "../interfaces/cetus/move-stl" }

dependencies = [
  { name = "Sui" },
]

[[move.package]]
name = "MoveStdlib"
source = { git = "https://github.com/MystenLabs/sui.git", rev = "mainnet-v1.19.1", subdir = "crates/sui-framework/packages/move-stdlib" }

[[move.package]]
name = "Sui"
source = { git = "https://github.com/MystenLabs/sui.git", rev = "mainnet-v1.19.1", subdir = "crates/sui-framework/packages/sui-framework" }

dependencies = [
  { name = "MoveStdlib" },
]

[[move.package]]
name = "TurbosCLMM"
source = { local = "../interfaces/turbos" }

dependencies = [
  { name = "Sui" },
]
