# @generated by Move, please check-in and do not edit manually.

[move]
version = 0
manifest_digest = "5FD4DD8FACEA812AEAF4BE2D601DB968BDE13BDE63200E5ED702E3526E71CDC0"
deps_digest = "CAFAD8A7CF51067FB4358215BECB86BD100DD64E57C2AC8A7AE7D74B688F5965"

dependencies = [
  { name = "AftermathAmm" },
  { name = "Cetus" },
  { name = "CetusClmm" },
  { name = "DCA" },
  { name = "FlowXAMM" },
  { name = "Sui" },
  { name = "TurbosCLMM" },
]

[[move.package]]
name = "AftermathAmm"
source = { local = "../interfaces/aftermath/amm/amm" }

dependencies = [
  { name = "AmmMath" },
  { name = "ProtocolFeeVault" },
  { name = "Sui" },
]

[[move.package]]
name = "AmmMath"
source = { local = "../interfaces/aftermath/amm/amm-math" }

dependencies = [
  { name = "Sui" },
]

[[move.package]]
name = "Cetus"
source = { local = "../interfaces/cetus/cetus" }

dependencies = [
  { name = "CetusClmm" },
  { name = "Sui" },
]

[[move.package]]
name = "CetusClmm"
source = { local = "../interfaces/cetus/cetus_clmm" }

dependencies = [
  { name = "IntegerMate" },
  { name = "MoveSTL" },
  { name = "Sui" },
]

[[move.package]]
name = "DCA"
source = { local = "../dca" }

dependencies = [
  { name = "Sui" },
]

[[move.package]]
name = "FlowXAMM"
source = { local = "../interfaces/flow_x" }

dependencies = [
  { name = "Sui" },
]

[[move.package]]
name = "InsuranceFund"
source = { local = "../interfaces/aftermath/amm/amm-insurance-fund" }

dependencies = [
  { name = "Sui" },
]

[[move.package]]
name = "IntegerMate"
source = { local = "../interfaces/cetus/integer-mate" }

dependencies = [
  { name = "Sui" },
]

[[move.package]]
name = "MoveSTL"
source = { local = "../interfaces/cetus/move-stl" }

dependencies = [
  { name = "Sui" },
]

[[move.package]]
name = "MoveStdlib"
source = { git = "https://github.com/MystenLabs/sui.git", rev = "mainnet-v1.19.1", subdir = "crates/sui-framework/packages/move-stdlib" }

[[move.package]]
name = "ProtocolFeeVault"
source = { local = "../interfaces/aftermath/amm/amm-protocol-fee-vault" }

dependencies = [
  { name = "InsuranceFund" },
  { name = "ReferralVault" },
  { name = "Sui" },
  { name = "Treasury" },
  { name = "utilities" },
]

[[move.package]]
name = "ReferralVault"
source = { local = "../interfaces/aftermath/amm/amm-referral-vault" }

dependencies = [
  { name = "Sui" },
]

[[move.package]]
name = "Sui"
source = { git = "https://github.com/MystenLabs/sui.git", rev = "mainnet-v1.19.1", subdir = "crates/sui-framework/packages/sui-framework" }

dependencies = [
  { name = "MoveStdlib" },
]

[[move.package]]
name = "Treasury"
source = { local = "../interfaces/aftermath/amm/amm-treasury" }

dependencies = [
  { name = "Sui" },
]

[[move.package]]
name = "TurbosCLMM"
source = { local = "../interfaces/turbos" }

dependencies = [
  { name = "Sui" },
]

[[move.package]]
name = "utilities"
source = { local = "../interfaces/aftermath/utility/utilities" }

dependencies = [
  { name = "Sui" },
]

[move.toolchain-version]
compiler-version = "1.19.1"
edition = "legacy"
flavor = "sui"
