# @generated by Move, please check-in and do not edit manually.

[move]
version = 0
manifest_digest = "516A955EAB2FEDF0487905D3B9B2DCA471D6500AA940A5241C790B0CF1C14348"
deps_digest = "8227D341C0550A37580C10FA45FE148A465225149C69D179737E0FE454AD6AEC"

dependencies = [
  { name = "AfSui" },
  { name = "AfSuiReferralVault" },
  { name = "AfSuiTreasury" },
  { name = "LinkedSet" },
  { name = "Safe" },
  { name = "Sui" },
  { name = "SuiSystem" },
  { name = "SuiSystemUtils" },
  { name = "utilities" },
]

[[move.package]]
name = "AfSui"
source = { local = "../afsui" }

dependencies = [
  { name = "Safe" },
  { name = "Sui" },
]

[[move.package]]
name = "AfSuiReferralVault"
source = { local = "../afsui-referral-vault" }

dependencies = [
  { name = "Sui" },
]

[[move.package]]
name = "AfSuiTreasury"
source = { local = "../afsui-treasury" }

dependencies = [
  { name = "Sui" },
]

[[move.package]]
name = "LinkedSet"
source = { local = "../../utility/linked-set" }

dependencies = [
  { name = "Sui" },
]

[[move.package]]
name = "MoveStdlib"
source = { git = "https://github.com/MystenLabs/sui.git", rev = "mainnet-v1.19.1", subdir = "crates/sui-framework/packages/move-stdlib" }

[[move.package]]
name = "Safe"
source = { local = "../../utility/safe" }

dependencies = [
  { name = "Sui" },
]

[[move.package]]
name = "Sui"
source = { git = "https://github.com/MystenLabs/sui.git", rev = "mainnet-v1.19.1", subdir = "crates/sui-framework/packages/sui-framework" }

dependencies = [
  { name = "MoveStdlib" },
]

[[move.package]]
name = "SuiSystem"
source = { git = "https://github.com/MystenLabs/sui.git", rev = "mainnet-v1.19.1", subdir = "crates/sui-framework/packages/sui-system" }

dependencies = [
  { name = "MoveStdlib" },
  { name = "Sui" },
]

[[move.package]]
name = "SuiSystemUtils"
source = { local = "../../utility/sui-system-utils" }

dependencies = [
  { name = "Sui" },
  { name = "SuiSystem" },
]

[[move.package]]
name = "utilities"
source = { local = "../../utility/utilities" }

dependencies = [
  { name = "Sui" },
]

[move.toolchain-version]
compiler-version = "1.19.1"
edition = "legacy"
flavor = "sui"
