# @generated by Move, please check-in and do not edit manually.

[move]
version = 0
manifest_digest = "0156FFADFF34CB19835E3EED5B37D23F8312FFBC8EA8CA16FD8E8A187A64FE72"
deps_digest = "060AD7E57DFB13104F21BE5F5C3759D03F0553FC3229247D9A7A6B45F50D03A3"

dependencies = [
  { name = "AftermathSwapCap" },
  { name = "DeepBook" },
  { name = "Sui" },
]

[[move.package]]
name = "AftermathAmm"
source = { local = "../amm/amm" }

dependencies = [
  { name = "AmmMath" },
  { name = "ProtocolFeeVault" },
  { name = "Sui" },
]

[[move.package]]
name = "AftermathSwapCap"
source = { local = "../swap-cap" }

dependencies = [
  { name = "AftermathAmm" },
  { name = "DeepBook" },
  { name = "InsuranceFund" },
  { name = "ProtocolFeeVault" },
  { name = "ReferralVault" },
  { name = "Sui" },
  { name = "Treasury" },
]

[[move.package]]
name = "AmmMath"
source = { local = "../amm/amm-math" }

dependencies = [
  { name = "Sui" },
]

[[move.package]]
name = "DeepBook"
source = { git = "https://github.com/MystenLabs/sui.git", rev = "mainnet-v1.19.1", subdir = "crates/sui-framework/packages/deepbook" }

dependencies = [
  { name = "MoveStdlib" },
  { name = "Sui" },
]

[[move.package]]
name = "InsuranceFund"
source = { local = "../amm/amm-insurance-fund" }

dependencies = [
  { name = "Sui" },
]

[[move.package]]
name = "MoveStdlib"
source = { git = "https://github.com/MystenLabs/sui.git", rev = "mainnet-v1.19.1", subdir = "crates/sui-framework/packages/move-stdlib" }

[[move.package]]
name = "ProtocolFeeVault"
source = { local = "../amm/amm-protocol-fee-vault" }

dependencies = [
  { name = "InsuranceFund" },
  { name = "ReferralVault" },
  { name = "Sui" },
  { name = "Treasury" },
  { name = "utilities" },
]

[[move.package]]
name = "ReferralVault"
source = { local = "../amm/amm-referral-vault" }

dependencies = [
  { name = "Sui" },
]

[[move.package]]
name = "Sui"
source = { git = "https://github.com/MystenLabs/sui.git", rev = "mainnet-v1.19.1", subdir = "crates/sui-framework/packages/sui-framework" }

dependencies = [
  { name = "MoveStdlib" },
]

[[move.package]]
name = "Treasury"
source = { local = "../amm/amm-treasury" }

dependencies = [
  { name = "Sui" },
]

[[move.package]]
name = "utilities"
source = { local = "../utility/utilities" }

dependencies = [
  { name = "Sui" },
]

[move.toolchain-version]
compiler-version = "1.19.1"
edition = "legacy"
flavor = "sui"
