# @generated by Move, please check-in and do not edit manually.

[move]
version = 0
manifest_digest = "A8022AD94942FA85DDD66A21B94474FDD0A1223449AE009A67AA504AABFF943D"
deps_digest = "060AD7E57DFB13104F21BE5F5C3759D03F0553FC3229247D9A7A6B45F50D03A3"

dependencies = [
  { name = "AmmMath" },
  { name = "ProtocolFeeVault" },
  { name = "Sui" },
]

[[move.package]]
name = "AmmMath"
source = { local = "../amm-math" }

dependencies = [
  { name = "Sui" },
]

[[move.package]]
name = "InsuranceFund"
source = { local = "../amm-insurance-fund" }

dependencies = [
  { name = "Sui" },
]

[[move.package]]
name = "MoveStdlib"
source = { git = "https://github.com/MystenLabs/sui.git", rev = "mainnet-v1.19.1", subdir = "crates/sui-framework/packages/move-stdlib" }

[[move.package]]
name = "ProtocolFeeVault"
source = { local = "../amm-protocol-fee-vault" }

dependencies = [
  { name = "InsuranceFund" },
  { name = "ReferralVault" },
  { name = "Sui" },
  { name = "Treasury" },
  { name = "utilities" },
]

[[move.package]]
name = "ReferralVault"
source = { local = "../amm-referral-vault" }

dependencies = [
  { name = "Sui" },
]

[[move.package]]
name = "Sui"
source = { git = "https://github.com/MystenLabs/sui.git", rev = "mainnet-v1.19.1", subdir = "crates/sui-framework/packages/sui-framework" }

dependencies = [
  { name = "MoveStdlib" },
]

[[move.package]]
name = "Treasury"
source = { local = "../amm-treasury" }

dependencies = [
  { name = "Sui" },
]

[[move.package]]
name = "utilities"
source = { local = "../../utility/utilities" }

dependencies = [
  { name = "Sui" },
]

[move.toolchain-version]
compiler-version = "1.19.1"
edition = "legacy"
flavor = "sui"
